{
  "name": "convert",
  "lockfileVersion": 2,
  "requires": true,
  "packages": {
    "": {
      "dependencies": {
        "get-artist-title": "1.3.1",
        "node-id3": "0.2.6"
      }
    },
    "node_modules/audio-extensions": {
      "version": "0.0.0",
      "license": "MIT",
      "engines": {
        "node": ">=0.10.0"
      }
    },
    "node_modules/get-artist-title": {
      "version": "1.3.1",
      "resolved": "https://registry.npmjs.org/get-artist-title/-/get-artist-title-1.3.1.tgz",
      "integrity": "sha512-oK+EOnyOgdSAYeqq/VDRJC71Kyz7YR6MPhM1Juwb0Lil4g3kBcTPQCgEouhSKwAyDQuUx1M8oyLfMSSqa6m/TA==",
      "dependencies": {
        "audio-extensions": "0.0.0",
        "video-extensions": "^1.1.0"
      },
      "bin": {
        "format-artist-title": "cli.js"
      }
    },
    "node_modules/iconv-lite": {
      "version": "0.6.2",
      "license": "MIT",
      "dependencies": {
        "safer-buffer": ">= 2.1.2 < 3.0.0"
      },
      "engines": {
        "node": ">=0.10.0"
      }
    },
    "node_modules/node-id3": {
      "version": "0.2.6",
      "resolved": "https://registry.npmjs.org/node-id3/-/node-id3-0.2.6.tgz",
      "integrity": "sha512-w8GuKXLlPpDjTxLowCt/uYMhRQzED3cg2GdSG1i6RSGKeDzPvxlXeLQuQInKljahPZ0aDnmyX7FX8BbJOM7REg==",
      "dependencies": {
        "iconv-lite": "0.6.2"
      }
    },
    "node_modules/safer-buffer": {
      "version": "2.1.2",
      "license": "MIT"
    },
    "node_modules/video-extensions": {
      "version": "1.2.0",
      "license": "MIT",
      "engines": {
        "node": ">=0.10.0"
      },
      "funding": {
        "url": "https://github.com/sponsors/sindresorhus"
      }
    }
  },
  "dependencies": {
    "audio-extensions": {
      "version": "0.0.0"
    },
    "get-artist-title": {
      "version": "1.3.1",
      "resolved": "https://registry.npmjs.org/get-artist-title/-/get-artist-title-1.3.1.tgz",
      "integrity": "sha512-oK+EOnyOgdSAYeqq/VDRJC71Kyz7YR6MPhM1Juwb0Lil4g3kBcTPQCgEouhSKwAyDQuUx1M8oyLfMSSqa6m/TA==",
      "requires": {
        "audio-extensions": "0.0.0",
        "video-extensions": "^1.1.0"
      }
    },
    "iconv-lite": {
      "version": "0.6.2",
      "requires": {
        "safer-buffer": ">= 2.1.2 < 3.0.0"
      }
    },
    "node-id3": {
      "version": "0.2.6",
      "resolved": "https://registry.npmjs.org/node-id3/-/node-id3-0.2.6.tgz",
      "integrity": "sha512-w8GuKXLlPpDjTxLowCt/uYMhRQzED3cg2GdSG1i6RSGKeDzPvxlXeLQuQInKljahPZ0aDnmyX7FX8BbJOM7REg==",
      "requires": {
        "iconv-lite": "0.6.2"
      }
    },
    "safer-buffer": {
      "version": "2.1.2"
    },
    "video-extensions": {
      "version": "1.2.0"
    }
  }
}
